
Microsoft Visual Studio Solution File, Format Version 12.00
# Visual Studio 15
VisualStudioVersion = 15.0.26730.3
MinimumVisualStudioVersion = 10.0.40219.1
Project("{9A19103F-16F7-4668-BE54-9A1E7A4F7556}") = "Mitto.App2Sms.Web", "Mitto.App2Sms\Mitto.App2Sms.Web.csproj", "{0A5FA70C-3492-44BB-A682-7982AB6D6F93}"
	ProjectSection(ProjectDependencies) = postProject
		{D14CA824-2FD1-40FE-B411-D3B166E13D3F} = {D14CA824-2FD1-40FE-B411-D3B166E13D3F}
		{D07A8BF4-1613-4308-9FA1-DD79940CE426} = {D07A8BF4-1613-4308-9FA1-DD79940CE426}
	EndProjectSection
EndProject
Project("{9A19103F-16F7-4668-BE54-9A1E7A4F7556}") = "Mitto.App2Sms.ServiceModel", "Mitto.App2Sms.ServiceModel\Mitto.App2Sms.ServiceModel.csproj", "{D14CA824-2FD1-40FE-B411-D3B166E13D3F}"
EndProject
Project("{9A19103F-16F7-4668-BE54-9A1E7A4F7556}") = "Mitto.App2Sms.ServiceInterface", "Mitto.App2Sms.ServiceInterface\Mitto.App2Sms.ServiceInterface.csproj", "{D07A8BF4-1613-4308-9FA1-DD79940CE426}"
EndProject
Project("{9A19103F-16F7-4668-BE54-9A1E7A4F7556}") = "Mitto.App2Sms.BussinesLogic", "Mitto.App2Sms.BussinesLogic\Mitto.App2Sms.BussinesLogic.csproj", "{4FCCBC39-0CF4-4DAB-9D92-805097BBBE4D}"
EndProject
Global
	GlobalSection(SolutionConfigurationPlatforms) = preSolution
		Debug|Any CPU = Debug|Any CPU
		Release|Any CPU = Release|Any CPU
	EndGlobalSection
	GlobalSection(ProjectConfigurationPlatforms) = postSolution
		{0A5FA70C-3492-44BB-A682-7982AB6D6F93}.Debug|Any CPU.ActiveCfg = Debug|Any CPU
		{0A5FA70C-3492-44BB-A682-7982AB6D6F93}.Debug|Any CPU.Build.0 = Debug|Any CPU
		{0A5FA70C-3492-44BB-A682-7982AB6D6F93}.Release|Any CPU.ActiveCfg = Release|Any CPU
		{0A5FA70C-3492-44BB-A682-7982AB6D6F93}.Release|Any CPU.Build.0 = Release|Any CPU
		{D14CA824-2FD1-40FE-B411-D3B166E13D3F}.Debug|Any CPU.ActiveCfg = Debug|Any CPU
		{D14CA824-2FD1-40FE-B411-D3B166E13D3F}.Debug|Any CPU.Build.0 = Debug|Any CPU
		{D14CA824-2FD1-40FE-B411-D3B166E13D3F}.Release|Any CPU.ActiveCfg = Release|Any CPU
		{D14CA824-2FD1-40FE-B411-D3B166E13D3F}.Release|Any CPU.Build.0 = Release|Any CPU
		{D07A8BF4-1613-4308-9FA1-DD79940CE426}.Debug|Any CPU.ActiveCfg = Debug|Any CPU
		{D07A8BF4-1613-4308-9FA1-DD79940CE426}.Debug|Any CPU.Build.0 = Debug|Any CPU
		{D07A8BF4-1613-4308-9FA1-DD79940CE426}.Release|Any CPU.ActiveCfg = Release|Any CPU
		{D07A8BF4-1613-4308-9FA1-DD79940CE426}.Release|Any CPU.Build.0 = Release|Any CPU
		{4FCCBC39-0CF4-4DAB-9D92-805097BBBE4D}.Debug|Any CPU.ActiveCfg = Debug|Any CPU
		{4FCCBC39-0CF4-4DAB-9D92-805097BBBE4D}.Debug|Any CPU.Build.0 = Debug|Any CPU
		{4FCCBC39-0CF4-4DAB-9D92-805097BBBE4D}.Release|Any CPU.ActiveCfg = Release|Any CPU
		{4FCCBC39-0CF4-4DAB-9D92-805097BBBE4D}.Release|Any CPU.Build.0 = Release|Any CPU
	EndGlobalSection
	GlobalSection(SolutionProperties) = preSolution
		HideSolutionNode = FALSE
	EndGlobalSection
	GlobalSection(ExtensibilityGlobals) = postSolution
		SolutionGuid = {02854F2A-8EF4-468E-80A3-CD64BBAF5D15}
	EndGlobalSection
EndGlobal
